
Microsoft Visual Studio Solution File, Format Version 12.00
# Visual Studio Version 16
VisualStudioVersion = 16.0.28729.10
MinimumVisualStudioVersion = 10.0.40219.1
Project("{FAE04EC0-301F-11D3-BF4B-00C04F79EFBC}") = "TrackMe", "TrackMe.csproj", "{D661DE21-2038-4351-BA46-6B3BD362A03F}"
EndProject
Global
	GlobalSection(SolutionConfigurationPlatforms) = preSolution
		Debug|Any CPU = Debug|Any CPU
		Release|Any CPU = Release|Any CPU
	EndGlobalSection
	GlobalSection(ProjectConfigurationPlatforms) = postSolution
		{D661DE21-2038-4351-BA46-6B3BD362A03F}.Debug|Any CPU.ActiveCfg = Debug|Any CPU
		{D661DE21-2038-4351-BA46-6B3BD362A03F}.Debug|Any CPU.Build.0 = Debug|Any CPU
		{D661DE21-2038-4351-BA46-6B3BD362A03F}.Release|Any CPU.ActiveCfg = Release|Any CPU
		{D661DE21-2038-4351-BA46-6B3BD362A03F}.Release|Any CPU.Build.0 = Release|Any CPU
	EndGlobalSection
	GlobalSection(SolutionProperties) = preSolution
		HideSolutionNode = FALSE
	EndGlobalSection
	GlobalSection(ExtensibilityGlobals) = postSolution
		SolutionGuid = {7CF93D95-4CA5-4482-98EF-E1242C81CE83}
	EndGlobalSection
EndGlobal
